// !$*UTF8*$!
{
	archiveVersion = 1;
	classes = {
	};
	objectVersion = 55;
	objects = {

/* Begin PBXBuildFile section */
		560FC7312948109A0050F2B4 /* libglfw.3.3.dylib in Frameworks */ = {isa = PBXBuildFile; fileRef = 56BBA59F2947C418005F8915 /* libglfw.3.3.dylib */; };
		561B141029514E1500480195 /* libpng16.16.dylib in Frameworks */ = {isa = PBXBuildFile; fileRef = 561B140F29514E1500480195 /* libpng16.16.dylib */; };
		561B14232952880B00480195 /* transform.cpp in Sources */ = {isa = PBXBuildFile; fileRef = 561B141C2952880B00480195 /* transform.cpp */; };
		561B14242952880B00480195 /* smf.cpp in Sources */ = {isa = PBXBuildFile; fileRef = 561B141E2952880B00480195 /* smf.cpp */; };
		561B14252952880B00480195 /* triangles.cpp in Sources */ = {isa = PBXBuildFile; fileRef = 561B141F2952880B00480195 /* triangles.cpp */; };
		561B14262952880B00480195 /* trianglemesh.cpp in Sources */ = {isa = PBXBuildFile; fileRef = 561B14202952880B00480195 /* trianglemesh.cpp */; };
		561B14342952887300480195 /* light.cpp in Sources */ = {isa = PBXBuildFile; fileRef = 561B14292952887300480195 /* light.cpp */; };
		561B14352952887300480195 /* bbox.cpp in Sources */ = {isa = PBXBuildFile; fileRef = 561B142A2952887300480195 /* bbox.cpp */; };
		561B14362952887300480195 /* camera.cpp in Sources */ = {isa = PBXBuildFile; fileRef = 561B142B2952887300480195 /* camera.cpp */; };
		561B14372952887300480195 /* scene.cpp in Sources */ = {isa = PBXBuildFile; fileRef = 561B142C2952887300480195 /* scene.cpp */; };
		561B14382952887300480195 /* surface.cpp in Sources */ = {isa = PBXBuildFile; fileRef = 561B142D2952887300480195 /* surface.cpp */; };
		561B14392952887300480195 /* shadinginfo.cpp in Sources */ = {isa = PBXBuildFile; fileRef = 561B142E2952887300480195 /* shadinginfo.cpp */; };
		56664FAD294F730100F138EA /* image_buffer.cpp in Sources */ = {isa = PBXBuildFile; fileRef = 56664FAB294F730100F138EA /* image_buffer.cpp */; };
		56664FB1294F93AA00F138EA /* proc_textures.cpp in Sources */ = {isa = PBXBuildFile; fileRef = 56664FAF294F93AA00F138EA /* proc_textures.cpp */; };
		56664FB7294FAAE600F138EA /* vector3.cpp in Sources */ = {isa = PBXBuildFile; fileRef = 56664FB3294FAAE600F138EA /* vector3.cpp */; };
		56664FB8294FAAE600F138EA /* noise.cpp in Sources */ = {isa = PBXBuildFile; fileRef = 56664FB5294FAAE600F138EA /* noise.cpp */; };
		56664FBC294FAB1E00F138EA /* matrix.cpp in Sources */ = {isa = PBXBuildFile; fileRef = 56664FBB294FAB1E00F138EA /* matrix.cpp */; };
		56664FBF294FAB3C00F138EA /* dbgutils.cpp in Sources */ = {isa = PBXBuildFile; fileRef = 56664FBD294FAB3C00F138EA /* dbgutils.cpp */; };
		56664FC3294FBD0A00F138EA /* pngreader.cpp in Sources */ = {isa = PBXBuildFile; fileRef = 56664FC2294FBD0A00F138EA /* pngreader.cpp */; };
		56664FCA294FC52900F138EA /* sphere.cpp in Sources */ = {isa = PBXBuildFile; fileRef = 56664FC8294FC52900F138EA /* sphere.cpp */; };
		56664FCF2950BA3600F138EA /* pyramid.cpp in Sources */ = {isa = PBXBuildFile; fileRef = 56664FCD2950BA3600F138EA /* pyramid.cpp */; };
		56664FD42950C60100F138EA /* cube.cpp in Sources */ = {isa = PBXBuildFile; fileRef = 56664FD22950C60100F138EA /* cube.cpp */; };
		56E9333D29498ED1002A3B33 /* libGLEW.2.2.0.dylib in Frameworks */ = {isa = PBXBuildFile; fileRef = 56E9333C29498ED1002A3B33 /* libGLEW.2.2.0.dylib */; };
		56E9333E29498FAF002A3B33 /* OpenGL.framework in Frameworks */ = {isa = PBXBuildFile; fileRef = 56BBA59C2947C3CF005F8915 /* OpenGL.framework */; };
		56E933422949907A002A3B33 /* main.cpp in Sources */ = {isa = PBXBuildFile; fileRef = 56E9333F2949907A002A3B33 /* main.cpp */; };
		56E933432949907A002A3B33 /* shaders.cpp in Sources */ = {isa = PBXBuildFile; fileRef = 56E933402949907A002A3B33 /* shaders.cpp */; };
/* End PBXBuildFile section */

/* Begin PBXCopyFilesBuildPhase section */
		56BBA58F2947C0F5005F8915 /* CopyFiles */ = {
			isa = PBXCopyFilesBuildPhase;
			buildActionMask = 2147483647;
			dstPath = /usr/share/man/man1/;
			dstSubfolderSpec = 0;
			files = (
			);
			runOnlyForDeploymentPostprocessing = 1;
		};
/* End PBXCopyFilesBuildPhase section */

/* Begin PBXFileReference section */
		561B140F29514E1500480195 /* libpng16.16.dylib */ = {isa = PBXFileReference; lastKnownFileType = "compiled.mach-o.dylib"; name = libpng16.16.dylib; path = ../../../opt/homebrew/Cellar/libpng/1.6.37/lib/libpng16.16.dylib; sourceTree = "<group>"; };
		561B14112952575F00480195 /* phong_fragment_shader.glsl */ = {isa = PBXFileReference; lastKnownFileType = text; name = phong_fragment_shader.glsl; path = opengl_setup_example/phong_fragment_shader.glsl; sourceTree = "<group>"; };
		561B141B2952880B00480195 /* trianglemesh.h */ = {isa = PBXFileReference; fileEncoding = 4; lastKnownFileType = sourcecode.c.h; path = trianglemesh.h; sourceTree = "<group>"; };
		561B141C2952880B00480195 /* transform.cpp */ = {isa = PBXFileReference; fileEncoding = 4; lastKnownFileType = sourcecode.cpp.cpp; path = transform.cpp; sourceTree = "<group>"; };
		561B141D2952880B00480195 /* smf.h */ = {isa = PBXFileReference; fileEncoding = 4; lastKnownFileType = sourcecode.c.h; path = smf.h; sourceTree = "<group>"; };
		561B141E2952880B00480195 /* smf.cpp */ = {isa = PBXFileReference; fileEncoding = 4; lastKnownFileType = sourcecode.cpp.cpp; path = smf.cpp; sourceTree = "<group>"; };
		561B141F2952880B00480195 /* triangles.cpp */ = {isa = PBXFileReference; fileEncoding = 4; lastKnownFileType = sourcecode.cpp.cpp; path = triangles.cpp; sourceTree = "<group>"; };
		561B14202952880B00480195 /* trianglemesh.cpp */ = {isa = PBXFileReference; fileEncoding = 4; lastKnownFileType = sourcecode.cpp.cpp; path = trianglemesh.cpp; sourceTree = "<group>"; };
		561B14212952880B00480195 /* transform.h */ = {isa = PBXFileReference; fileEncoding = 4; lastKnownFileType = sourcecode.c.h; path = transform.h; sourceTree = "<group>"; };
		561B14222952880B00480195 /* triangles.h */ = {isa = PBXFileReference; fileEncoding = 4; lastKnownFileType = sourcecode.c.h; path = triangles.h; sourceTree = "<group>"; };
		561B14272952887300480195 /* bbox.h */ = {isa = PBXFileReference; fileEncoding = 4; lastKnownFileType = sourcecode.c.h; path = bbox.h; sourceTree = "<group>"; };
		561B14282952887300480195 /* camera.h */ = {isa = PBXFileReference; fileEncoding = 4; lastKnownFileType = sourcecode.c.h; path = camera.h; sourceTree = "<group>"; };
		561B14292952887300480195 /* light.cpp */ = {isa = PBXFileReference; fileEncoding = 4; lastKnownFileType = sourcecode.cpp.cpp; path = light.cpp; sourceTree = "<group>"; };
		561B142A2952887300480195 /* bbox.cpp */ = {isa = PBXFileReference; fileEncoding = 4; lastKnownFileType = sourcecode.cpp.cpp; path = bbox.cpp; sourceTree = "<group>"; };
		561B142B2952887300480195 /* camera.cpp */ = {isa = PBXFileReference; fileEncoding = 4; lastKnownFileType = sourcecode.cpp.cpp; path = camera.cpp; sourceTree = "<group>"; };
		561B142C2952887300480195 /* scene.cpp */ = {isa = PBXFileReference; fileEncoding = 4; lastKnownFileType = sourcecode.cpp.cpp; path = scene.cpp; sourceTree = "<group>"; };
		561B142D2952887300480195 /* surface.cpp */ = {isa = PBXFileReference; fileEncoding = 4; lastKnownFileType = sourcecode.cpp.cpp; path = surface.cpp; sourceTree = "<group>"; };
		561B142E2952887300480195 /* shadinginfo.cpp */ = {isa = PBXFileReference; fileEncoding = 4; lastKnownFileType = sourcecode.cpp.cpp; path = shadinginfo.cpp; sourceTree = "<group>"; };
		561B142F2952887300480195 /* scene.h */ = {isa = PBXFileReference; fileEncoding = 4; lastKnownFileType = sourcecode.c.h; path = scene.h; sourceTree = "<group>"; };
		561B14302952887300480195 /* light.h */ = {isa = PBXFileReference; fileEncoding = 4; lastKnownFileType = sourcecode.c.h; path = light.h; sourceTree = "<group>"; };
		561B14312952887300480195 /* shadinginfo.h */ = {isa = PBXFileReference; fileEncoding = 4; lastKnownFileType = sourcecode.c.h; path = shadinginfo.h; sourceTree = "<group>"; };
		561B14322952887300480195 /* ray.h */ = {isa = PBXFileReference; fileEncoding = 4; lastKnownFileType = sourcecode.c.h; path = ray.h; sourceTree = "<group>"; };
		561B14332952887300480195 /* surface.h */ = {isa = PBXFileReference; fileEncoding = 4; lastKnownFileType = sourcecode.c.h; path = surface.h; sourceTree = "<group>"; };
		56664FAB294F730100F138EA /* image_buffer.cpp */ = {isa = PBXFileReference; lastKnownFileType = sourcecode.cpp.cpp; path = image_buffer.cpp; sourceTree = "<group>"; };
		56664FAC294F730100F138EA /* image_buffer.h */ = {isa = PBXFileReference; lastKnownFileType = sourcecode.c.h; path = image_buffer.h; sourceTree = "<group>"; };
		56664FAE294F906900F138EA /* README.md */ = {isa = PBXFileReference; fileEncoding = 4; lastKnownFileType = net.daringfireball.markdown; path = README.md; sourceTree = "<group>"; };
		56664FAF294F93AA00F138EA /* proc_textures.cpp */ = {isa = PBXFileReference; lastKnownFileType = sourcecode.cpp.cpp; path = proc_textures.cpp; sourceTree = "<group>"; };
		56664FB0294F93AA00F138EA /* proc_textures.h */ = {isa = PBXFileReference; lastKnownFileType = sourcecode.c.h; path = proc_textures.h; sourceTree = "<group>"; };
		56664FB2294F961600F138EA /* colors.h */ = {isa = PBXFileReference; lastKnownFileType = sourcecode.c.h; path = colors.h; sourceTree = "<group>"; };
		56664FB3294FAAE600F138EA /* vector3.cpp */ = {isa = PBXFileReference; fileEncoding = 4; lastKnownFileType = sourcecode.cpp.cpp; path = vector3.cpp; sourceTree = "<group>"; };
		56664FB4294FAAE600F138EA /* vector3.h */ = {isa = PBXFileReference; fileEncoding = 4; lastKnownFileType = sourcecode.c.h; path = vector3.h; sourceTree = "<group>"; };
		56664FB5294FAAE600F138EA /* noise.cpp */ = {isa = PBXFileReference; fileEncoding = 4; lastKnownFileType = sourcecode.cpp.cpp; path = noise.cpp; sourceTree = "<group>"; };
		56664FB6294FAAE600F138EA /* noise.h */ = {isa = PBXFileReference; fileEncoding = 4; lastKnownFileType = sourcecode.c.h; path = noise.h; sourceTree = "<group>"; };
		56664FB9294FAB1E00F138EA /* matrix.h */ = {isa = PBXFileReference; fileEncoding = 4; lastKnownFileType = sourcecode.c.h; path = matrix.h; sourceTree = "<group>"; };
		56664FBA294FAB1E00F138EA /* mathutil.h */ = {isa = PBXFileReference; fileEncoding = 4; lastKnownFileType = sourcecode.c.h; path = mathutil.h; sourceTree = "<group>"; };
		56664FBB294FAB1E00F138EA /* matrix.cpp */ = {isa = PBXFileReference; fileEncoding = 4; lastKnownFileType = sourcecode.cpp.cpp; path = matrix.cpp; sourceTree = "<group>"; };
		56664FBD294FAB3C00F138EA /* dbgutils.cpp */ = {isa = PBXFileReference; fileEncoding = 4; lastKnownFileType = sourcecode.cpp.cpp; path = dbgutils.cpp; sourceTree = "<group>"; };
		56664FBE294FAB3C00F138EA /* dbgutils.h */ = {isa = PBXFileReference; fileEncoding = 4; lastKnownFileType = sourcecode.c.h; path = dbgutils.h; sourceTree = "<group>"; };
		56664FC0294FAD2300F138EA /* color.h */ = {isa = PBXFileReference; fileEncoding = 4; lastKnownFileType = sourcecode.c.h; path = color.h; sourceTree = "<group>"; };
		56664FC1294FBD0900F138EA /* pngreader.h */ = {isa = PBXFileReference; fileEncoding = 4; lastKnownFileType = sourcecode.c.h; path = pngreader.h; sourceTree = "<group>"; };
		56664FC2294FBD0A00F138EA /* pngreader.cpp */ = {isa = PBXFileReference; fileEncoding = 4; lastKnownFileType = sourcecode.cpp.cpp; path = pngreader.cpp; sourceTree = "<group>"; };
		56664FC4294FBE3A00F138EA /* libpng16.a */ = {isa = PBXFileReference; lastKnownFileType = archive.ar; name = libpng16.a; path = ../../../opt/homebrew/Cellar/libpng/1.6.39/lib/libpng16.a; sourceTree = "<group>"; };
		56664FC8294FC52900F138EA /* sphere.cpp */ = {isa = PBXFileReference; lastKnownFileType = sourcecode.cpp.cpp; path = sphere.cpp; sourceTree = "<group>"; };
		56664FC9294FC52900F138EA /* sphere.h */ = {isa = PBXFileReference; lastKnownFileType = sourcecode.c.h; path = sphere.h; sourceTree = "<group>"; };
		56664FCB294FC64E00F138EA /* rocky.png */ = {isa = PBXFileReference; lastKnownFileType = image.png; name = rocky.png; path = opengl_setup_example/textures/rocky.png; sourceTree = "<group>"; };
		56664FCC294FC78600F138EA /* mars.png */ = {isa = PBXFileReference; lastKnownFileType = image.png; name = mars.png; path = opengl_setup_example/textures/mars.png; sourceTree = "<group>"; };
		56664FCD2950BA3600F138EA /* pyramid.cpp */ = {isa = PBXFileReference; lastKnownFileType = sourcecode.cpp.cpp; path = pyramid.cpp; sourceTree = "<group>"; };
		56664FCE2950BA3600F138EA /* pyramid.h */ = {isa = PBXFileReference; lastKnownFileType = sourcecode.c.h; path = pyramid.h; sourceTree = "<group>"; };
		56664FD02950C39300F138EA /* phong_vertex_shader.glsl */ = {isa = PBXFileReference; fileEncoding = 4; lastKnownFileType = text; name = phong_vertex_shader.glsl; path = opengl_setup_example/phong_vertex_shader.glsl; sourceTree = "<group>"; };
		56664FD22950C60100F138EA /* cube.cpp */ = {isa = PBXFileReference; lastKnownFileType = sourcecode.cpp.cpp; path = cube.cpp; sourceTree = "<group>"; };
		56664FD32950C60100F138EA /* cube.h */ = {isa = PBXFileReference; lastKnownFileType = sourcecode.c.h; path = cube.h; sourceTree = "<group>"; };
		56BBA5912947C0F6005F8915 /* opengl_setup_example */ = {isa = PBXFileReference; explicitFileType = "compiled.mach-o.executable"; includeInIndex = 0; path = opengl_setup_example; sourceTree = BUILT_PRODUCTS_DIR; };
		56BBA59C2947C3CF005F8915 /* OpenGL.framework */ = {isa = PBXFileReference; lastKnownFileType = wrapper.framework; name = OpenGL.framework; path = System/Library/Frameworks/OpenGL.framework; sourceTree = SDKROOT; };
		56BBA59F2947C418005F8915 /* libglfw.3.3.dylib */ = {isa = PBXFileReference; lastKnownFileType = "compiled.mach-o.dylib"; name = libglfw.3.3.dylib; path = ../../../opt/homebrew/Cellar/glfw/3.3.8/lib/libglfw.3.3.dylib; sourceTree = "<group>"; };
		56E9333C29498ED1002A3B33 /* libGLEW.2.2.0.dylib */ = {isa = PBXFileReference; lastKnownFileType = "compiled.mach-o.dylib"; name = libGLEW.2.2.0.dylib; path = ../../../opt/homebrew/Cellar/glew/2.2.0_1/lib/libGLEW.2.2.0.dylib; sourceTree = "<group>"; };
		56E9333F2949907A002A3B33 /* main.cpp */ = {isa = PBXFileReference; fileEncoding = 4; lastKnownFileType = sourcecode.cpp.cpp; path = main.cpp; sourceTree = "<group>"; };
		56E933402949907A002A3B33 /* shaders.cpp */ = {isa = PBXFileReference; fileEncoding = 4; lastKnownFileType = sourcecode.cpp.cpp; path = shaders.cpp; sourceTree = "<group>"; };
		56E933412949907A002A3B33 /* shaders.h */ = {isa = PBXFileReference; fileEncoding = 4; lastKnownFileType = sourcecode.c.h; path = shaders.h; sourceTree = "<group>"; };
		56E9334729499DBD002A3B33 /* fragment_shader.glsl */ = {isa = PBXFileReference; lastKnownFileType = text; name = fragment_shader.glsl; path = opengl_setup_example/fragment_shader.glsl; sourceTree = "<group>"; };
		56E9334829499DBD002A3B33 /* vertex_shader.glsl */ = {isa = PBXFileReference; lastKnownFileType = text; name = vertex_shader.glsl; path = opengl_setup_example/vertex_shader.glsl; sourceTree = "<group>"; };
/* End PBXFileReference section */

/* Begin PBXFrameworksBuildPhase section */
		56BBA58E2947C0F5005F8915 /* Frameworks */ = {
			isa = PBXFrameworksBuildPhase;
			buildActionMask = 2147483647;
			files = (
				561B141029514E1500480195 /* libpng16.16.dylib in Frameworks */,
				56E9333E29498FAF002A3B33 /* OpenGL.framework in Frameworks */,
				560FC7312948109A0050F2B4 /* libglfw.3.3.dylib in Frameworks */,
				56E9333D29498ED1002A3B33 /* libGLEW.2.2.0.dylib in Frameworks */,
			);
			runOnlyForDeploymentPostprocessing = 0;
		};
/* End PBXFrameworksBuildPhase section */

/* Begin PBXGroup section */
		56664FC6294FC00300F138EA /* textures */ = {
			isa = PBXGroup;
			children = (
				56664FCC294FC78600F138EA /* mars.png */,
				56664FCB294FC64E00F138EA /* rocky.png */,
			);
			name = textures;
			sourceTree = "<group>";
		};
		56BBA5882947C0F5005F8915 = {
			isa = PBXGroup;
			children = (
				56664FC6294FC00300F138EA /* textures */,
				56664FAE294F906900F138EA /* README.md */,
				56E9334629499DA5002A3B33 /* shaders */,
				56BBA5932947C0F6005F8915 /* opengl_setup_example */,
				56BBA5922947C0F6005F8915 /* Products */,
				56BBA59B2947C3CF005F8915 /* Frameworks */,
			);
			sourceTree = "<group>";
		};
		56BBA5922947C0F6005F8915 /* Products */ = {
			isa = PBXGroup;
			children = (
				56BBA5912947C0F6005F8915 /* opengl_setup_example */,
			);
			name = Products;
			sourceTree = "<group>";
		};
		56BBA5932947C0F6005F8915 /* opengl_setup_example */ = {
			isa = PBXGroup;
			children = (
				561B142A2952887300480195 /* bbox.cpp */,
				561B14272952887300480195 /* bbox.h */,
				561B142B2952887300480195 /* camera.cpp */,
				561B14282952887300480195 /* camera.h */,
				56664FC0294FAD2300F138EA /* color.h */,
				56664FB2294F961600F138EA /* colors.h */,
				56664FD22950C60100F138EA /* cube.cpp */,
				56664FD32950C60100F138EA /* cube.h */,
				56664FBD294FAB3C00F138EA /* dbgutils.cpp */,
				56664FBE294FAB3C00F138EA /* dbgutils.h */,
				56664FAB294F730100F138EA /* image_buffer.cpp */,
				56664FAC294F730100F138EA /* image_buffer.h */,
				561B14292952887300480195 /* light.cpp */,
				561B14302952887300480195 /* light.h */,
				56E9333F2949907A002A3B33 /* main.cpp */,
				56664FBA294FAB1E00F138EA /* mathutil.h */,
				56664FBB294FAB1E00F138EA /* matrix.cpp */,
				56664FB9294FAB1E00F138EA /* matrix.h */,
				56664FB5294FAAE600F138EA /* noise.cpp */,
				56664FB6294FAAE600F138EA /* noise.h */,
				56664FC2294FBD0A00F138EA /* pngreader.cpp */,
				56664FC1294FBD0900F138EA /* pngreader.h */,
				56664FAF294F93AA00F138EA /* proc_textures.cpp */,
				56664FB0294F93AA00F138EA /* proc_textures.h */,
				56664FCD2950BA3600F138EA /* pyramid.cpp */,
				56664FCE2950BA3600F138EA /* pyramid.h */,
				561B14322952887300480195 /* ray.h */,
				561B142C2952887300480195 /* scene.cpp */,
				561B142F2952887300480195 /* scene.h */,
				56E933402949907A002A3B33 /* shaders.cpp */,
				56E933412949907A002A3B33 /* shaders.h */,
				561B142E2952887300480195 /* shadinginfo.cpp */,
				561B14312952887300480195 /* shadinginfo.h */,
				561B141E2952880B00480195 /* smf.cpp */,
				561B141D2952880B00480195 /* smf.h */,
				56664FC8294FC52900F138EA /* sphere.cpp */,
				56664FC9294FC52900F138EA /* sphere.h */,
				561B142D2952887300480195 /* surface.cpp */,
				561B14332952887300480195 /* surface.h */,
				561B141C2952880B00480195 /* transform.cpp */,
				561B14212952880B00480195 /* transform.h */,
				561B14202952880B00480195 /* trianglemesh.cpp */,
				561B141B2952880B00480195 /* trianglemesh.h */,
				561B141F2952880B00480195 /* triangles.cpp */,
				561B14222952880B00480195 /* triangles.h */,
				56664FB3294FAAE600F138EA /* vector3.cpp */,
				56664FB4294FAAE600F138EA /* vector3.h */,
			);
			path = opengl_setup_example;
			sourceTree = "<group>";
		};
		56BBA59B2947C3CF005F8915 /* Frameworks */ = {
			isa = PBXGroup;
			children = (
				561B140F29514E1500480195 /* libpng16.16.dylib */,
				56664FC4294FBE3A00F138EA /* libpng16.a */,
				56E9333C29498ED1002A3B33 /* libGLEW.2.2.0.dylib */,
				56BBA59F2947C418005F8915 /* libglfw.3.3.dylib */,
				56BBA59C2947C3CF005F8915 /* OpenGL.framework */,
			);
			name = Frameworks;
			sourceTree = "<group>";
		};
		56E9334629499DA5002A3B33 /* shaders */ = {
			isa = PBXGroup;
			children = (
				561B14112952575F00480195 /* phong_fragment_shader.glsl */,
				56E9334729499DBD002A3B33 /* fragment_shader.glsl */,
				56E9334829499DBD002A3B33 /* vertex_shader.glsl */,
				56664FD02950C39300F138EA /* phong_vertex_shader.glsl */,
			);
			name = shaders;
			sourceTree = "<group>";
		};
/* End PBXGroup section */

/* Begin PBXNativeTarget section */
		56BBA5902947C0F5005F8915 /* opengl_setup_example */ = {
			isa = PBXNativeTarget;
			buildConfigurationList = 56BBA5982947C0F6005F8915 /* Build configuration list for PBXNativeTarget "opengl_setup_example" */;
			buildPhases = (
				56BBA58D2947C0F5005F8915 /* Sources */,
				56BBA58E2947C0F5005F8915 /* Frameworks */,
				56BBA58F2947C0F5005F8915 /* CopyFiles */,
			);
			buildRules = (
			);
			dependencies = (
			);
			name = opengl_setup_example;
			productName = opengl_setup_example;
			productReference = 56BBA5912947C0F6005F8915 /* opengl_setup_example */;
			productType = "com.apple.product-type.tool";
		};
/* End PBXNativeTarget section */

/* Begin PBXProject section */
		56BBA5892947C0F5005F8915 /* Project object */ = {
			isa = PBXProject;
			attributes = {
				BuildIndependentTargetsInParallel = 1;
				LastUpgradeCheck = 1410;
				TargetAttributes = {
					56BBA5902947C0F5005F8915 = {
						CreatedOnToolsVersion = 13.2.1;
					};
				};
			};
			buildConfigurationList = 56BBA58C2947C0F5005F8915 /* Build configuration list for PBXProject "opengl_setup_example" */;
			compatibilityVersion = "Xcode 13.0";
			developmentRegion = en;
			hasScannedForEncodings = 0;
			knownRegions = (
				en,
				Base,
			);
			mainGroup = 56BBA5882947C0F5005F8915;
			productRefGroup = 56BBA5922947C0F6005F8915 /* Products */;
			projectDirPath = "";
			projectRoot = "";
			targets = (
				56BBA5902947C0F5005F8915 /* opengl_setup_example */,
			);
		};
/* End PBXProject section */

/* Begin PBXSourcesBuildPhase section */
		56BBA58D2947C0F5005F8915 /* Sources */ = {
			isa = PBXSourcesBuildPhase;
			buildActionMask = 2147483647;
			files = (
				561B14372952887300480195 /* scene.cpp in Sources */,
				56664FB8294FAAE600F138EA /* noise.cpp in Sources */,
				56664FB7294FAAE600F138EA /* vector3.cpp in Sources */,
				561B14352952887300480195 /* bbox.cpp in Sources */,
				56E933432949907A002A3B33 /* shaders.cpp in Sources */,
				56664FBF294FAB3C00F138EA /* dbgutils.cpp in Sources */,
				561B14262952880B00480195 /* trianglemesh.cpp in Sources */,
				56664FCA294FC52900F138EA /* sphere.cpp in Sources */,
				56664FCF2950BA3600F138EA /* pyramid.cpp in Sources */,
				561B14242952880B00480195 /* smf.cpp in Sources */,
				561B14252952880B00480195 /* triangles.cpp in Sources */,
				561B14382952887300480195 /* surface.cpp in Sources */,
				56664FBC294FAB1E00F138EA /* matrix.cpp in Sources */,
				56664FB1294F93AA00F138EA /* proc_textures.cpp in Sources */,
				56664FD42950C60100F138EA /* cube.cpp in Sources */,
				56E933422949907A002A3B33 /* main.cpp in Sources */,
				561B14392952887300480195 /* shadinginfo.cpp in Sources */,
				561B14362952887300480195 /* camera.cpp in Sources */,
				561B14342952887300480195 /* light.cpp in Sources */,
				56664FC3294FBD0A00F138EA /* pngreader.cpp in Sources */,
				56664FAD294F730100F138EA /* image_buffer.cpp in Sources */,
				561B14232952880B00480195 /* transform.cpp in Sources */,
			);
			runOnlyForDeploymentPostprocessing = 0;
		};
/* End PBXSourcesBuildPhase section */

/* Begin XCBuildConfiguration section */
		56BBA5962947C0F6005F8915 /* Debug */ = {
			isa = XCBuildConfiguration;
			buildSettings = {
				ALWAYS_SEARCH_USER_PATHS = NO;
				CLANG_ANALYZER_NONNULL = YES;
				CLANG_ANALYZER_NUMBER_OBJECT_CONVERSION = YES_AGGRESSIVE;
				CLANG_CXX_LANGUAGE_STANDARD = "gnu++17";
				CLANG_CXX_LIBRARY = "libc++";
				CLANG_ENABLE_MODULES = YES;
				CLANG_ENABLE_OBJC_ARC = YES;
				CLANG_ENABLE_OBJC_WEAK = YES;
				CLANG_WARN_BLOCK_CAPTURE_AUTORELEASING = YES;
				CLANG_WARN_BOOL_CONVERSION = YES;
				CLANG_WARN_COMMA = YES;
				CLANG_WARN_CONSTANT_CONVERSION = YES;
				CLANG_WARN_DEPRECATED_OBJC_IMPLEMENTATIONS = YES;
				CLANG_WARN_DIRECT_OBJC_ISA_USAGE = YES_ERROR;
				CLANG_WARN_DOCUMENTATION_COMMENTS = NO;
				CLANG_WARN_EMPTY_BODY = YES;
				CLANG_WARN_ENUM_CONVERSION = YES;
				CLANG_WARN_INFINITE_RECURSION = YES;
				CLANG_WARN_INT_CONVERSION = YES;
				CLANG_WARN_NON_LITERAL_NULL_CONVERSION = YES;
				CLANG_WARN_OBJC_IMPLICIT_RETAIN_SELF = YES;
				CLANG_WARN_OBJC_LITERAL_CONVERSION = YES;
				CLANG_WARN_OBJC_ROOT_CLASS = YES_ERROR;
				CLANG_WARN_QUOTED_INCLUDE_IN_FRAMEWORK_HEADER = YES;
				CLANG_WARN_RANGE_LOOP_ANALYSIS = YES;
				CLANG_WARN_STRICT_PROTOTYPES = YES;
				CLANG_WARN_SUSPICIOUS_MOVE = YES;
				CLANG_WARN_UNGUARDED_AVAILABILITY = YES_AGGRESSIVE;
				CLANG_WARN_UNREACHABLE_CODE = YES;
				CLANG_WARN__DUPLICATE_METHOD_MATCH = YES;
				CODE_SIGN_IDENTITY = "Apple Development";
				COPY_PHASE_STRIP = NO;
				DEAD_CODE_STRIPPING = YES;
				DEBUG_INFORMATION_FORMAT = dwarf;
				DEVELOPMENT_TEAM = 2U8TFZTUT5;
				ENABLE_STRICT_OBJC_MSGSEND = YES;
				ENABLE_TESTABILITY = YES;
				GCC_C_LANGUAGE_STANDARD = gnu11;
				GCC_DYNAMIC_NO_PIC = NO;
				GCC_NO_COMMON_BLOCKS = YES;
				GCC_OPTIMIZATION_LEVEL = 0;
				GCC_PREPROCESSOR_DEFINITIONS = (
					"DEBUG=1",
					"$(inherited)",
				);
				GCC_WARN_64_TO_32_BIT_CONVERSION = YES;
				GCC_WARN_ABOUT_DEPRECATED_FUNCTIONS = NO;
				GCC_WARN_ABOUT_RETURN_TYPE = YES_ERROR;
				GCC_WARN_UNDECLARED_SELECTOR = YES;
				GCC_WARN_UNINITIALIZED_AUTOS = YES_AGGRESSIVE;
				GCC_WARN_UNUSED_FUNCTION = YES;
				GCC_WARN_UNUSED_VARIABLE = YES;
				HEADER_SEARCH_PATHS = /opt/homebrew/include;
				MACOSX_DEPLOYMENT_TARGET = 12.0;
				MTL_ENABLE_DEBUG_INFO = INCLUDE_SOURCE;
				MTL_FAST_MATH = YES;
				NEW_SETTING = "";
				ONLY_ACTIVE_ARCH = YES;
				SDKROOT = macosx;
				SYSTEM_FRAMEWORK_SEARCH_PATHS = /opt/homebrew/include;
			};
			name = Debug;
		};
		56BBA5972947C0F6005F8915 /* Release */ = {
			isa = XCBuildConfiguration;
			buildSettings = {
				ALWAYS_SEARCH_USER_PATHS = NO;
				CLANG_ANALYZER_NONNULL = YES;
				CLANG_ANALYZER_NUMBER_OBJECT_CONVERSION = YES_AGGRESSIVE;
				CLANG_CXX_LANGUAGE_STANDARD = "gnu++17";
				CLANG_CXX_LIBRARY = "libc++";
				CLANG_ENABLE_MODULES = YES;
				CLANG_ENABLE_OBJC_ARC = YES;
				CLANG_ENABLE_OBJC_WEAK = YES;
				CLANG_WARN_BLOCK_CAPTURE_AUTORELEASING = YES;
				CLANG_WARN_BOOL_CONVERSION = YES;
				CLANG_WARN_COMMA = YES;
				CLANG_WARN_CONSTANT_CONVERSION = YES;
				CLANG_WARN_DEPRECATED_OBJC_IMPLEMENTATIONS = YES;
				CLANG_WARN_DIRECT_OBJC_ISA_USAGE = YES_ERROR;
				CLANG_WARN_DOCUMENTATION_COMMENTS = NO;
				CLANG_WARN_EMPTY_BODY = YES;
				CLANG_WARN_ENUM_CONVERSION = YES;
				CLANG_WARN_INFINITE_RECURSION = YES;
				CLANG_WARN_INT_CONVERSION = YES;
				CLANG_WARN_NON_LITERAL_NULL_CONVERSION = YES;
				CLANG_WARN_OBJC_IMPLICIT_RETAIN_SELF = YES;
				CLANG_WARN_OBJC_LITERAL_CONVERSION = YES;
				CLANG_WARN_OBJC_ROOT_CLASS = YES_ERROR;
				CLANG_WARN_QUOTED_INCLUDE_IN_FRAMEWORK_HEADER = YES;
				CLANG_WARN_RANGE_LOOP_ANALYSIS = YES;
				CLANG_WARN_STRICT_PROTOTYPES = YES;
				CLANG_WARN_SUSPICIOUS_MOVE = YES;
				CLANG_WARN_UNGUARDED_AVAILABILITY = YES_AGGRESSIVE;
				CLANG_WARN_UNREACHABLE_CODE = YES;
				CLANG_WARN__DUPLICATE_METHOD_MATCH = YES;
				CODE_SIGN_IDENTITY = "Apple Development";
				COPY_PHASE_STRIP = NO;
				DEAD_CODE_STRIPPING = YES;
				DEBUG_INFORMATION_FORMAT = "dwarf-with-dsym";
				DEVELOPMENT_TEAM = 2U8TFZTUT5;
				ENABLE_NS_ASSERTIONS = NO;
				ENABLE_STRICT_OBJC_MSGSEND = YES;
				GCC_C_LANGUAGE_STANDARD = gnu11;
				GCC_NO_COMMON_BLOCKS = YES;
				GCC_WARN_64_TO_32_BIT_CONVERSION = YES;
				GCC_WARN_ABOUT_DEPRECATED_FUNCTIONS = NO;
				GCC_WARN_ABOUT_RETURN_TYPE = YES_ERROR;
				GCC_WARN_UNDECLARED_SELECTOR = YES;
				GCC_WARN_UNINITIALIZED_AUTOS = YES_AGGRESSIVE;
				GCC_WARN_UNUSED_FUNCTION = YES;
				GCC_WARN_UNUSED_VARIABLE = YES;
				HEADER_SEARCH_PATHS = /opt/homebrew/include;
				MACOSX_DEPLOYMENT_TARGET = 12.0;
				MTL_ENABLE_DEBUG_INFO = NO;
				MTL_FAST_MATH = YES;
				NEW_SETTING = "";
				SDKROOT = macosx;
				SYSTEM_FRAMEWORK_SEARCH_PATHS = /opt/homebrew/include;
			};
			name = Release;
		};
		56BBA5992947C0F6005F8915 /* Debug */ = {
			isa = XCBuildConfiguration;
			buildSettings = {
				CODE_SIGN_STYLE = Automatic;
				DEAD_CODE_STRIPPING = YES;
				DEVELOPMENT_TEAM = 2U8TFZTUT5;
				ENABLE_HARDENED_RUNTIME = YES;
				LIBRARY_SEARCH_PATHS = (
					"$(inherited)",
					/opt/homebrew/Cellar/glew/2.2.0_1/lib,
					/opt/homebrew/Cellar/glfw/3.3.8/lib,
					/opt/homebrew/Cellar/glbinding/2.1.4/lib,
					/opt/homebrew/Cellar/libpng/1.6.39/lib,
					/opt/homebrew/Cellar/libpng/1.6.37/lib,
				);
				MACOSX_DEPLOYMENT_TARGET = 11.5;
				PRODUCT_NAME = "$(TARGET_NAME)";
			};
			name = Debug;
		};
		56BBA59A2947C0F6005F8915 /* Release */ = {
			isa = XCBuildConfiguration;
			buildSettings = {
				CODE_SIGN_IDENTITY = "-";
				CODE_SIGN_STYLE = Automatic;
				DEAD_CODE_STRIPPING = YES;
				DEVELOPMENT_TEAM = 2U8TFZTUT5;
				ENABLE_HARDENED_RUNTIME = YES;
				LIBRARY_SEARCH_PATHS = (
					"$(inherited)",
					/opt/homebrew/Cellar/glew/2.2.0_1/lib,
					/opt/homebrew/Cellar/glfw/3.3.8/lib,
					/opt/homebrew/Cellar/glbinding/2.1.4/lib,
					/opt/homebrew/Cellar/libpng/1.6.39/lib,
					/opt/homebrew/Cellar/libpng/1.6.37/lib,
				);
				MACOSX_DEPLOYMENT_TARGET = 11.5;
				PRODUCT_NAME = "$(TARGET_NAME)";
			};
			name = Release;
		};
/* End XCBuildConfiguration section */

/* Begin XCConfigurationList section */
		56BBA58C2947C0F5005F8915 /* Build configuration list for PBXProject "opengl_setup_example" */ = {
			isa = XCConfigurationList;
			buildConfigurations = (
				56BBA5962947C0F6005F8915 /* Debug */,
				56BBA5972947C0F6005F8915 /* Release */,
			);
			defaultConfigurationIsVisible = 0;
			defaultConfigurationName = Release;
		};
		56BBA5982947C0F6005F8915 /* Build configuration list for PBXNativeTarget "opengl_setup_example" */ = {
			isa = XCConfigurationList;
			buildConfigurations = (
				56BBA5992947C0F6005F8915 /* Debug */,
				56BBA59A2947C0F6005F8915 /* Release */,
			);
			defaultConfigurationIsVisible = 0;
			defaultConfigurationName = Release;
		};
/* End XCConfigurationList section */
	};
	rootObject = 56BBA5892947C0F5005F8915 /* Project object */;
}
